
Microsoft Visual Studio Solution File, Format Version 12.00
# Visual Studio Version 17
VisualStudioVersion = 17.9.34728.123
MinimumVisualStudioVersion = 10.0.40219.1
Project("{FAE04EC0-301F-11D3-BF4B-00C04F79EFBC}") = "Diario-personale", "Diario-personale\Diario-personale.csproj", "{60CBA17B-816D-4B0F-8A59-31C85422848A}"
EndProject
Global
	GlobalSection(SolutionConfigurationPlatforms) = preSolution
		Debug|Any CPU = Debug|Any CPU
		Release|Any CPU = Release|Any CPU
	EndGlobalSection
	GlobalSection(ProjectConfigurationPlatforms) = postSolution
		{60CBA17B-816D-4B0F-8A59-31C85422848A}.Debug|Any CPU.ActiveCfg = Debug|Any CPU
		{60CBA17B-816D-4B0F-8A59-31C85422848A}.Debug|Any CPU.Build.0 = Debug|Any CPU
		{60CBA17B-816D-4B0F-8A59-31C85422848A}.Debug|Any CPU.Deploy.0 = Debug|Any CPU
		{60CBA17B-816D-4B0F-8A59-31C85422848A}.Release|Any CPU.ActiveCfg = Release|Any CPU
		{60CBA17B-816D-4B0F-8A59-31C85422848A}.Release|Any CPU.Build.0 = Release|Any CPU
		{60CBA17B-816D-4B0F-8A59-31C85422848A}.Release|Any CPU.Deploy.0 = Release|Any CPU
	EndGlobalSection
	GlobalSection(SolutionProperties) = preSolution
		HideSolutionNode = FALSE
	EndGlobalSection
	GlobalSection(ExtensibilityGlobals) = postSolution
		SolutionGuid = {657696DD-9075-4AD4-A236-912ADC0F865A}
	EndGlobalSection
EndGlobal
